
Microsoft Visual Studio Solution File, Format Version 12.00
# Visual Studio Version 16
VisualStudioVersion = 16.0.30907.101
MinimumVisualStudioVersion = 10.0.40219.1
Project("{9A19103F-16F7-4668-BE54-9A1E7A4F7556}") = "PSCredentialManager-Std", "PSCredentialManager-Std\PSCredentialManager-Std.csproj", "{EC987C3D-DC02-4757-8F0E-C406254E59ED}"
EndProject
Project("{FAE04EC0-301F-11D3-BF4B-00C04F79EFBC}") = "PSCredentialManager-dotNet", "PSCredentialManager-dotNet\PSCredentialManager-dotNet\PSCredentialManager-dotNet.csproj", "{E974D877-9B74-4B87-812F-0D3E18BD879B}"
EndProject
Global
	GlobalSection(SolutionConfigurationPlatforms) = preSolution
		Debug|Any CPU = Debug|Any CPU
		Release|Any CPU = Release|Any CPU
	EndGlobalSection
	GlobalSection(ProjectConfigurationPlatforms) = postSolution
		{EC987C3D-DC02-4757-8F0E-C406254E59ED}.Debug|Any CPU.ActiveCfg = Debug|Any CPU
		{EC987C3D-DC02-4757-8F0E-C406254E59ED}.Debug|Any CPU.Build.0 = Debug|Any CPU
		{EC987C3D-DC02-4757-8F0E-C406254E59ED}.Release|Any CPU.ActiveCfg = Release|Any CPU
		{EC987C3D-DC02-4757-8F0E-C406254E59ED}.Release|Any CPU.Build.0 = Release|Any CPU
		{E974D877-9B74-4B87-812F-0D3E18BD879B}.Debug|Any CPU.ActiveCfg = Debug|Any CPU
		{E974D877-9B74-4B87-812F-0D3E18BD879B}.Debug|Any CPU.Build.0 = Debug|Any CPU
		{E974D877-9B74-4B87-812F-0D3E18BD879B}.Release|Any CPU.ActiveCfg = Release|Any CPU
		{E974D877-9B74-4B87-812F-0D3E18BD879B}.Release|Any CPU.Build.0 = Release|Any CPU
	EndGlobalSection
	GlobalSection(SolutionProperties) = preSolution
		HideSolutionNode = FALSE
	EndGlobalSection
	GlobalSection(ExtensibilityGlobals) = postSolution
		SolutionGuid = {1E8E1541-CF86-42D3-8621-01E2E114DB22}
	EndGlobalSection
	GlobalSection(TeamFoundationVersionControl) = preSolution
		SccNumberOfProjects = 3
		SccEnterpriseProvider = {4CA58AB2-18FA-4F8D-95D4-32DDF27D184C}
		SccTeamFoundationServer = https://dev.azure.com/mgajda83
		SccLocalPath0 = .
		SccProjectUniqueName1 = PSCredentialManager-dotNet\\PSCredentialManager-dotNet\\PSCredentialManager-dotNet.csproj
		SccProjectName1 = PSCredentialManager-dotNet/PSCredentialManager-dotNet
		SccLocalPath1 = PSCredentialManager-dotNet\\PSCredentialManager-dotNet
		SccProjectUniqueName2 = PSCredentialManager-Std\\PSCredentialManager-Std.csproj
		SccProjectName2 = PSCredentialManager-Std
		SccLocalPath2 = PSCredentialManager-Std
	EndGlobalSection
EndGlobal
